// !$*UTF8*$!
{
	archiveVersion = 1;
	classes = {
	};
	objectVersion = 46;
	objects = {

/* Begin PBXBuildFile section */
		01020506C88040999EC51422 /* CDVContacts.m in Sources */ = {isa = PBXBuildFile; fileRef = EB2C9C7CCBC343CA8C220993 /* CDVContacts.m */; };
		0207DA581B56EA530066E2B4 /* Images.xcassets in Resources */ = {isa = PBXBuildFile; fileRef = 0207DA571B56EA530066E2B4 /* Images.xcassets */; };
		065E405CF39F4460B24C110D /* CDVLocalFilesystem.m in Sources */ = {isa = PBXBuildFile; fileRef = 40BF812ACBF94269BA5ACE62 /* CDVLocalFilesystem.m */; };
		078FBB52EC0F48DCA4B6C5D7 /* CDVCapture.bundle in Resources */ = {isa = PBXBuildFile; fileRef = 2E6DBCF9856A4FADA955603E /* CDVCapture.bundle */; };
		0FB3A5AC6522473D81788DFF /* CDVInAppBrowser.m in Sources */ = {isa = PBXBuildFile; fileRef = 626CC01356F74F1E8233757E /* CDVInAppBrowser.m */; };
		16A4E564F3CE411CA33DD118 /* AddressBookUI.framework in Frameworks */ = {isa = PBXBuildFile; fileRef = B75CB33A5B2A40CA9516D9AC /* AddressBookUI.framework */; settings = {ATTRIBUTES = (Weak, ); }; };
		19699CAE2AA3417BBAFB47FF /* CDVSound.m in Sources */ = {isa = PBXBuildFile; fileRef = A232DE3930A94127BFEEC125 /* CDVSound.m */; };
		1D3623260D0F684500981E51 /* AppDelegate.m in Sources */ = {isa = PBXBuildFile; fileRef = 1D3623250D0F684500981E51 /* AppDelegate.m */; };
		1D60589B0D05DD56006BFB54 /* main.m in Sources */ = {isa = PBXBuildFile; fileRef = 29B97316FDCFA39411CA2CEA /* main.m */; };
		1FFDE5A6ACE94BCFB3981F99 /* CDVDevice.m in Sources */ = {isa = PBXBuildFile; fileRef = E958CF18FE184C6390493B7E /* CDVDevice.m */; };
		29397253608A4C6487AF4491 /* AddressBook.framework in Frameworks */ = {isa = PBXBuildFile; fileRef = 456FA7C1475143D8A39800E4 /* AddressBook.framework */; settings = {ATTRIBUTES = (Weak, ); }; };
		2BD0707781ED4A8D93EB3BF1 /* CoreMotion.framework in Frameworks */ = {isa = PBXBuildFile; fileRef = D8EC3B5E4A334395A3BE5624 /* CoreMotion.framework */; };
		301BF552109A68D80062928A /* libCordova.a in Frameworks */ = {isa = PBXBuildFile; fileRef = 301BF535109A57CC0062928A /* libCordova.a */; };
		302D95F114D2391D003F00A1 /* MainViewController.m in Sources */ = {isa = PBXBuildFile; fileRef = 302D95EF14D2391D003F00A1 /* MainViewController.m */; };
		302D95F214D2391D003F00A1 /* MainViewController.xib in Resources */ = {isa = PBXBuildFile; fileRef = 302D95F014D2391D003F00A1 /* MainViewController.xib */; };
		3B8AF67C1C6643E68B6D9540 /* CDVSplashScreen.m in Sources */ = {isa = PBXBuildFile; fileRef = F42EE599B5E648378DB4FFAF /* CDVSplashScreen.m */; };
		4144CF2C22944284AE3CA78F /* CDVVibration.m in Sources */ = {isa = PBXBuildFile; fileRef = 3E4CEAAEEF5E42358B900146 /* CDVVibration.m */; };
		50A4BBE89FA249699E0B81B1 /* UIImage+CropScaleOrientation.m in Sources */ = {isa = PBXBuildFile; fileRef = 5F642DE63E4544409B61254D /* UIImage+CropScaleOrientation.m */; };
		520B7B31B1C144DCBF967B99 /* CDVBattery.m in Sources */ = {isa = PBXBuildFile; fileRef = 763A01051AD3435F8DDD3B83 /* CDVBattery.m */; };
		5556A707B8AE45ADBA89FA49 /* CDVLocation.m in Sources */ = {isa = PBXBuildFile; fileRef = 0754B0C054224A96815BFD04 /* CDVLocation.m */; };
		557515027FD5406B9BEB0B60 /* AudioToolbox.framework in Frameworks */ = {isa = PBXBuildFile; fileRef = A21EDE1EE2474914B02EF46F /* AudioToolbox.framework */; settings = {ATTRIBUTES = (Weak, ); }; };
		626307CD83E6497A875A10CE /* CDVStatusBar.m in Sources */ = {isa = PBXBuildFile; fileRef = F204C203DB284E139A64B9F2 /* CDVStatusBar.m */; };
		6366F694408A4F50A6CED82B /* ImageIO.framework in Frameworks */ = {isa = PBXBuildFile; fileRef = D62A94E5BCEE46EEB0268D87 /* ImageIO.framework */; settings = {ATTRIBUTES = (Weak, ); }; };
		661159FF2146489B9640C146 /* CDVNotification.m in Sources */ = {isa = PBXBuildFile; fileRef = A813457E5BC64AE98A2E801D /* CDVNotification.m */; };
		6E42E9A053FE4BDE97E82292 /* CDVAccelerometer.m in Sources */ = {isa = PBXBuildFile; fileRef = 86E303EA1A644CA795BCDB38 /* CDVAccelerometer.m */; };
		753975A0A5834C159ABC4CA4 /* CDVLogger.m in Sources */ = {isa = PBXBuildFile; fileRef = 080CE70679834A76A1B67F7B /* CDVLogger.m */; };
		7690FB45127D4AEA9B46A7C6 /* CDVFile.m in Sources */ = {isa = PBXBuildFile; fileRef = E5155D03149F421E9B6017C9 /* CDVFile.m */; };
		78E0890046DB46B2862E6079 /* CoreTelephony.framework in Frameworks */ = {isa = PBXBuildFile; fileRef = 34D24743F55C49D4843F268F /* CoreTelephony.framework */; };
		85AD6A244B7144F3B04BFBB1 /* AVFoundation.framework in Frameworks */ = {isa = PBXBuildFile; fileRef = 32FBAADAD78F4D76B87137D5 /* AVFoundation.framework */; };
		9630A4E3599C49ED832895A6 /* CDVCompass.m in Sources */ = {isa = PBXBuildFile; fileRef = B3C9045E21E94848A320B36A /* CDVCompass.m */; };
		BB81618BFB9D4092A777D53E /* CDVReachability.m in Sources */ = {isa = PBXBuildFile; fileRef = 27B70EE8F824491E8C087000 /* CDVReachability.m */; };
		C1B2D42B26BA4735A59C3AC1 /* CDVCapture.m in Sources */ = {isa = PBXBuildFile; fileRef = A425892DFF2A4A15AE91E8F7 /* CDVCapture.m */; };
		C6E37E7AF74A446E94F525B4 /* CDVViewController+SplashScreen.m in Sources */ = {isa = PBXBuildFile; fileRef = C9D53D084A69442AA7C866EA /* CDVViewController+SplashScreen.m */; };
		C712582799DD41F2824DF4CA /* CDVFileTransfer.m in Sources */ = {isa = PBXBuildFile; fileRef = 7F239BD78F6D4DC883379609 /* CDVFileTransfer.m */; };
		DC0D96BF81EC4F829D64AE0C /* CDVGlobalization.m in Sources */ = {isa = PBXBuildFile; fileRef = 7B0A2306A47E433FA92BEFAE /* CDVGlobalization.m */; };
		DE4BA30680364C798300BA2C /* CoreLocation.framework in Frameworks */ = {isa = PBXBuildFile; fileRef = 4DCC4B526BCB40DD8CCA9EE2 /* CoreLocation.framework */; };
		E007DFB915114C86905BE69C /* CDVJpegHeaderWriter.m in Sources */ = {isa = PBXBuildFile; fileRef = BF840378004545AFAAF59A8C /* CDVJpegHeaderWriter.m */; };
		E3BB0313170F4D2D834CAB3D /* CDVNotification.bundle in Resources */ = {isa = PBXBuildFile; fileRef = 184AB5911029462C9384E052 /* CDVNotification.bundle */; };
		E7E8D38E1D84F74E00E32AF3 /* Images-2.xcassets in Resources */ = {isa = PBXBuildFile; fileRef = E7E8D38D1D84F74E00E32AF3 /* Images-2.xcassets */; };
		E9E89D15AB664DF9A123171F /* CDVCamera.m in Sources */ = {isa = PBXBuildFile; fileRef = 0D94C9F02A1B43D2BD8BEE64 /* CDVCamera.m */; };
		ED1AB76878124B67BE3A1D36 /* CDVConnection.m in Sources */ = {isa = PBXBuildFile; fileRef = D62C2C18798344F99D72DA37 /* CDVConnection.m */; };
		EFF555D2C6A04A72AFDD5592 /* SystemConfiguration.framework in Frameworks */ = {isa = PBXBuildFile; fileRef = 35F8ABFB51684E61840A9C62 /* SystemConfiguration.framework */; settings = {ATTRIBUTES = (Weak, ); }; };
		FB99BDF39ED94F18A9F642C9 /* CDVContact.m in Sources */ = {isa = PBXBuildFile; fileRef = F03E2F2C85FE4C77A4C69FD3 /* CDVContact.m */; };
		FE2A62FE82D646788EA1B7FA /* CDVAssetLibraryFilesystem.m in Sources */ = {isa = PBXBuildFile; fileRef = 171A5E820DC74B1482100184 /* CDVAssetLibraryFilesystem.m */; };
/* End PBXBuildFile section */

/* Begin PBXContainerItemProxy section */
		301BF534109A57CC0062928A /* PBXContainerItemProxy */ = {
			isa = PBXContainerItemProxy;
			containerPortal = 301BF52D109A57CC0062928A /* CordovaLib.xcodeproj */;
			proxyType = 2;
			remoteGlobalIDString = D2AAC07E0554694100DB518D;
			remoteInfo = CordovaLib;
		};
		301BF550109A68C00062928A /* PBXContainerItemProxy */ = {
			isa = PBXContainerItemProxy;
			containerPortal = 301BF52D109A57CC0062928A /* CordovaLib.xcodeproj */;
			proxyType = 1;
			remoteGlobalIDString = D2AAC07D0554694100DB518D;
			remoteInfo = CordovaLib;
		};
/* End PBXContainerItemProxy section */

/* Begin PBXFileReference section */
		004FB66A675C432AB6C2B365 /* CDVAccelerometer.h */ = {isa = PBXFileReference; explicitFileType = undefined; fileEncoding = 4; includeInIndex = 0; lastKnownFileType = sourcecode.c.h; name = CDVAccelerometer.h; path = "cordova-plugin-device-motion/CDVAccelerometer.h"; sourceTree = "<group>"; };
		0207DA571B56EA530066E2B4 /* Images.xcassets */ = {isa = PBXFileReference; lastKnownFileType = folder.assetcatalog; name = Images.xcassets; path = "Hello World/Images.xcassets"; sourceTree = SOURCE_ROOT; };
		05D88275C0684A48800B22D1 /* CDVLogger.h */ = {isa = PBXFileReference; explicitFileType = undefined; fileEncoding = 4; includeInIndex = 0; lastKnownFileType = sourcecode.c.h; name = CDVLogger.h; path = "cordova-plugin-console/CDVLogger.h"; sourceTree = "<group>"; };
		0754B0C054224A96815BFD04 /* CDVLocation.m */ = {isa = PBXFileReference; explicitFileType = undefined; fileEncoding = 4; includeInIndex = 0; lastKnownFileType = sourcecode.c.objc; name = CDVLocation.m; path = "cordova-plugin-geolocation/CDVLocation.m"; sourceTree = "<group>"; };
		080CE70679834A76A1B67F7B /* CDVLogger.m */ = {isa = PBXFileReference; explicitFileType = undefined; fileEncoding = 4; includeInIndex = 0; lastKnownFileType = sourcecode.c.objc; name = CDVLogger.m; path = "cordova-plugin-console/CDVLogger.m"; sourceTree = "<group>"; };
		0D94C9F02A1B43D2BD8BEE64 /* CDVCamera.m */ = {isa = PBXFileReference; explicitFileType = undefined; fileEncoding = 4; includeInIndex = 0; lastKnownFileType = sourcecode.c.objc; name = CDVCamera.m; path = "cordova-plugin-camera/CDVCamera.m"; sourceTree = "<group>"; };
		171A5E820DC74B1482100184 /* CDVAssetLibraryFilesystem.m */ = {isa = PBXFileReference; explicitFileType = undefined; fileEncoding = 4; includeInIndex = 0; lastKnownFileType = sourcecode.c.objc; name = CDVAssetLibraryFilesystem.m; path = "cordova-plugin-file/CDVAssetLibraryFilesystem.m"; sourceTree = "<group>"; };
		184AB5911029462C9384E052 /* CDVNotification.bundle */ = {isa = PBXFileReference; explicitFileType = undefined; fileEncoding = 9; includeInIndex = 0; lastKnownFileType = "wrapper.plug-in"; path = CDVNotification.bundle; sourceTree = "<group>"; };
		1D3623240D0F684500981E51 /* AppDelegate.h */ = {isa = PBXFileReference; fileEncoding = 4; lastKnownFileType = sourcecode.c.h; path = AppDelegate.h; sourceTree = "<group>"; };
		1D3623250D0F684500981E51 /* AppDelegate.m */ = {isa = PBXFileReference; fileEncoding = 4; lastKnownFileType = sourcecode.c.objc; path = AppDelegate.m; sourceTree = "<group>"; };
		1D6058910D05DD3D006BFB54 /* Hello World.app */ = {isa = PBXFileReference; explicitFileType = wrapper.application; includeInIndex = 0; path = "Hello World.app"; sourceTree = BUILT_PRODUCTS_DIR; };
		27B70EE8F824491E8C087000 /* CDVReachability.m */ = {isa = PBXFileReference; explicitFileType = undefined; fileEncoding = 4; includeInIndex = 0; lastKnownFileType = sourcecode.c.objc; name = CDVReachability.m; path = "cordova-plugin-network-information/CDVReachability.m"; sourceTree = "<group>"; };
		29B97316FDCFA39411CA2CEA /* main.m */ = {isa = PBXFileReference; fileEncoding = 4; lastKnownFileType = sourcecode.c.objc; path = main.m; sourceTree = "<group>"; };
		2A07CA42627E4FB6B1B61E43 /* CDVLocation.h */ = {isa = PBXFileReference; explicitFileType = undefined; fileEncoding = 4; includeInIndex = 0; lastKnownFileType = sourcecode.c.h; name = CDVLocation.h; path = "cordova-plugin-geolocation/CDVLocation.h"; sourceTree = "<group>"; };
		2BEED7C3B2234455B8B13C84 /* CDVCamera.h */ = {isa = PBXFileReference; explicitFileType = undefined; fileEncoding = 4; includeInIndex = 0; lastKnownFileType = sourcecode.c.h; name = CDVCamera.h; path = "cordova-plugin-camera/CDVCamera.h"; sourceTree = "<group>"; };
		2E6DBCF9856A4FADA955603E /* CDVCapture.bundle */ = {isa = PBXFileReference; explicitFileType = undefined; fileEncoding = 9; includeInIndex = 0; lastKnownFileType = "wrapper.plug-in"; path = CDVCapture.bundle; sourceTree = "<group>"; };
		301BF52D109A57CC0062928A /* CordovaLib.xcodeproj */ = {isa = PBXFileReference; lastKnownFileType = "wrapper.pb-project"; name = CordovaLib.xcodeproj; path = CordovaLib/CordovaLib.xcodeproj; sourceTree = "<group>"; };
		301BF56E109A69640062928A /* www */ = {isa = PBXFileReference; lastKnownFileType = folder; path = www; sourceTree = SOURCE_ROOT; };
		302D95EE14D2391D003F00A1 /* MainViewController.h */ = {isa = PBXFileReference; fileEncoding = 4; lastKnownFileType = sourcecode.c.h; path = MainViewController.h; sourceTree = "<group>"; };
		302D95EF14D2391D003F00A1 /* MainViewController.m */ = {isa = PBXFileReference; fileEncoding = 4; lastKnownFileType = sourcecode.c.objc; path = MainViewController.m; sourceTree = "<group>"; };
		302D95F014D2391D003F00A1 /* MainViewController.xib */ = {isa = PBXFileReference; fileEncoding = 4; lastKnownFileType = file.xib; path = MainViewController.xib; sourceTree = "<group>"; };
		3047A50F1AB8059700498E2A /* build-debug.xcconfig */ = {isa = PBXFileReference; fileEncoding = 4; lastKnownFileType = text.xcconfig; name = "build-debug.xcconfig"; path = "cordova/build-debug.xcconfig"; sourceTree = SOURCE_ROOT; };
		3047A5101AB8059700498E2A /* build-release.xcconfig */ = {isa = PBXFileReference; fileEncoding = 4; lastKnownFileType = text.xcconfig; name = "build-release.xcconfig"; path = "cordova/build-release.xcconfig"; sourceTree = SOURCE_ROOT; };
		3047A5111AB8059700498E2A /* build.xcconfig */ = {isa = PBXFileReference; fileEncoding = 4; lastKnownFileType = text.xcconfig; name = build.xcconfig; path = cordova/build.xcconfig; sourceTree = SOURCE_ROOT; };
		32CA4F630368D1EE00C91783 /* Hello World-Prefix.pch */ = {isa = PBXFileReference; fileEncoding = 4; lastKnownFileType = sourcecode.c.h; path = "Hello World-Prefix.pch"; sourceTree = "<group>"; };
		32FBAADAD78F4D76B87137D5 /* AVFoundation.framework */ = {isa = PBXFileReference; explicitFileType = undefined; fileEncoding = 9; includeInIndex = 0; lastKnownFileType = wrapper.framework; name = AVFoundation.framework; path = System/Library/Frameworks/AVFoundation.framework; sourceTree = SDKROOT; };
		34D24743F55C49D4843F268F /* CoreTelephony.framework */ = {isa = PBXFileReference; explicitFileType = undefined; fileEncoding = 9; includeInIndex = 0; lastKnownFileType = wrapper.framework; name = CoreTelephony.framework; path = System/Library/Frameworks/CoreTelephony.framework; sourceTree = SDKROOT; };
		351BB87084B34D64953DC1BB /* CDVDevice.h */ = {isa = PBXFileReference; explicitFileType = undefined; fileEncoding = 4; includeInIndex = 0; lastKnownFileType = sourcecode.c.h; name = CDVDevice.h; path = "cordova-plugin-device/CDVDevice.h"; sourceTree = "<group>"; };
		35F8ABFB51684E61840A9C62 /* SystemConfiguration.framework */ = {isa = PBXFileReference; explicitFileType = undefined; fileEncoding = 9; includeInIndex = 0; lastKnownFileType = wrapper.framework; name = SystemConfiguration.framework; path = System/Library/Frameworks/SystemConfiguration.framework; sourceTree = SDKROOT; };
		36322D7E929946CBBBC307C7 /* CDVGlobalization.h */ = {isa = PBXFileReference; explicitFileType = undefined; fileEncoding = 4; includeInIndex = 0; lastKnownFileType = sourcecode.c.h; name = CDVGlobalization.h; path = "cordova-plugin-globalization/CDVGlobalization.h"; sourceTree = "<group>"; };
		3E4CEAAEEF5E42358B900146 /* CDVVibration.m */ = {isa = PBXFileReference; explicitFileType = undefined; fileEncoding = 4; includeInIndex = 0; lastKnownFileType = sourcecode.c.objc; name = CDVVibration.m; path = "cordova-plugin-vibration/CDVVibration.m"; sourceTree = "<group>"; };
		40BF812ACBF94269BA5ACE62 /* CDVLocalFilesystem.m */ = {isa = PBXFileReference; explicitFileType = undefined; fileEncoding = 4; includeInIndex = 0; lastKnownFileType = sourcecode.c.objc; name = CDVLocalFilesystem.m; path = "cordova-plugin-file/CDVLocalFilesystem.m"; sourceTree = "<group>"; };
		456FA7C1475143D8A39800E4 /* AddressBook.framework */ = {isa = PBXFileReference; explicitFileType = undefined; fileEncoding = 9; includeInIndex = 0; lastKnownFileType = wrapper.framework; name = AddressBook.framework; path = System/Library/Frameworks/AddressBook.framework; sourceTree = SDKROOT; };
		46918F61B5454777A5EAAD1B /* CDVJpegHeaderWriter.h */ = {isa = PBXFileReference; explicitFileType = undefined; fileEncoding = 4; includeInIndex = 0; lastKnownFileType = sourcecode.c.h; name = CDVJpegHeaderWriter.h; path = "cordova-plugin-camera/CDVJpegHeaderWriter.h"; sourceTree = "<group>"; };
		4DCC4B526BCB40DD8CCA9EE2 /* CoreLocation.framework */ = {isa = PBXFileReference; explicitFileType = undefined; fileEncoding = 9; includeInIndex = 0; lastKnownFileType = wrapper.framework; name = CoreLocation.framework; path = System/Library/Frameworks/CoreLocation.framework; sourceTree = SDKROOT; };
		52CE22CF1B3845C78038A7DB /* CDVNotification.h */ = {isa = PBXFileReference; explicitFileType = undefined; fileEncoding = 4; includeInIndex = 0; lastKnownFileType = sourcecode.c.h; name = CDVNotification.h; path = "cordova-plugin-dialogs/CDVNotification.h"; sourceTree = "<group>"; };
		5ADB885447534291975CCF9A /* CDVSplashScreen.h */ = {isa = PBXFileReference; explicitFileType = undefined; fileEncoding = 4; includeInIndex = 0; lastKnownFileType = sourcecode.c.h; name = CDVSplashScreen.h; path = "cordova-plugin-splashscreen/CDVSplashScreen.h"; sourceTree = "<group>"; };
		5F642DE63E4544409B61254D /* UIImage+CropScaleOrientation.m */ = {isa = PBXFileReference; explicitFileType = undefined; fileEncoding = 4; includeInIndex = 0; lastKnownFileType = sourcecode.c.objc; name = "UIImage+CropScaleOrientation.m"; path = "cordova-plugin-camera/UIImage+CropScaleOrientation.m"; sourceTree = "<group>"; };
		626CC01356F74F1E8233757E /* CDVInAppBrowser.m */ = {isa = PBXFileReference; explicitFileType = undefined; fileEncoding = 4; includeInIndex = 0; lastKnownFileType = sourcecode.c.objc; name = CDVInAppBrowser.m; path = "cordova-plugin-inappbrowser/CDVInAppBrowser.m"; sourceTree = "<group>"; };
		74856610CAB3427689EBC90B /* CDVConnection.h */ = {isa = PBXFileReference; explicitFileType = undefined; fileEncoding = 4; includeInIndex = 0; lastKnownFileType = sourcecode.c.h; name = CDVConnection.h; path = "cordova-plugin-network-information/CDVConnection.h"; sourceTree = "<group>"; };
		763A01051AD3435F8DDD3B83 /* CDVBattery.m */ = {isa = PBXFileReference; explicitFileType = undefined; fileEncoding = 4; includeInIndex = 0; lastKnownFileType = sourcecode.c.objc; name = CDVBattery.m; path = "cordova-plugin-battery-status/CDVBattery.m"; sourceTree = "<group>"; };
		765F8A31D7B04E249F8496CF /* CDVSound.h */ = {isa = PBXFileReference; explicitFileType = undefined; fileEncoding = 4; includeInIndex = 0; lastKnownFileType = sourcecode.c.h; name = CDVSound.h; path = "cordova-plugin-media/CDVSound.h"; sourceTree = "<group>"; };
		79738CE4930447F48C3EF229 /* CDVCompass.h */ = {isa = PBXFileReference; explicitFileType = undefined; fileEncoding = 4; includeInIndex = 0; lastKnownFileType = sourcecode.c.h; name = CDVCompass.h; path = "cordova-plugin-device-orientation/CDVCompass.h"; sourceTree = "<group>"; };
		7A90646802E74BA9AD1098DF /* UIImage+CropScaleOrientation.h */ = {isa = PBXFileReference; explicitFileType = undefined; fileEncoding = 4; includeInIndex = 0; lastKnownFileType = sourcecode.c.h; name = "UIImage+CropScaleOrientation.h"; path = "cordova-plugin-camera/UIImage+CropScaleOrientation.h"; sourceTree = "<group>"; };
		7B0A2306A47E433FA92BEFAE /* CDVGlobalization.m */ = {isa = PBXFileReference; explicitFileType = undefined; fileEncoding = 4; includeInIndex = 0; lastKnownFileType = sourcecode.c.objc; name = CDVGlobalization.m; path = "cordova-plugin-globalization/CDVGlobalization.m"; sourceTree = "<group>"; };
		7BA2F6F39C774C2AB2AAD16F /* CDVStatusBar.h */ = {isa = PBXFileReference; explicitFileType = undefined; fileEncoding = 4; includeInIndex = 0; lastKnownFileType = sourcecode.c.h; name = CDVStatusBar.h; path = "cordova-plugin-statusbar/CDVStatusBar.h"; sourceTree = "<group>"; };
		7F239BD78F6D4DC883379609 /* CDVFileTransfer.m */ = {isa = PBXFileReference; explicitFileType = undefined; fileEncoding = 4; includeInIndex = 0; lastKnownFileType = sourcecode.c.objc; name = CDVFileTransfer.m; path = "cordova-plugin-file-transfer/CDVFileTransfer.m"; sourceTree = "<group>"; };
		7F805395421F4370A01A1EFE /* CDVContacts.h */ = {isa = PBXFileReference; explicitFileType = undefined; fileEncoding = 4; includeInIndex = 0; lastKnownFileType = sourcecode.c.h; name = CDVContacts.h; path = "cordova-plugin-contacts/CDVContacts.h"; sourceTree = "<group>"; };
		8660652BF34345CF945B14D8 /* CDVReachability.h */ = {isa = PBXFileReference; explicitFileType = undefined; fileEncoding = 4; includeInIndex = 0; lastKnownFileType = sourcecode.c.h; name = CDVReachability.h; path = "cordova-plugin-network-information/CDVReachability.h"; sourceTree = "<group>"; };
		86E303EA1A644CA795BCDB38 /* CDVAccelerometer.m */ = {isa = PBXFileReference; explicitFileType = undefined; fileEncoding = 4; includeInIndex = 0; lastKnownFileType = sourcecode.c.objc; name = CDVAccelerometer.m; path = "cordova-plugin-device-motion/CDVAccelerometer.m"; sourceTree = "<group>"; };
		8D1107310486CEB800E47090 /* Hello World-Info.plist */ = {isa = PBXFileReference; fileEncoding = 4; lastKnownFileType = text.plist.xml; name = "Hello World-Info.plist"; path = "Hello World/Hello World-Info.plist"; plistStructureDefinitionIdentifier = "com.apple.xcode.plist.structure-definition.iphone.info-plist"; sourceTree = SOURCE_ROOT; };
		8F0ECE52366A43899341E815 /* CDVBattery.h */ = {isa = PBXFileReference; explicitFileType = undefined; fileEncoding = 4; includeInIndex = 0; lastKnownFileType = sourcecode.c.h; name = CDVBattery.h; path = "cordova-plugin-battery-status/CDVBattery.h"; sourceTree = "<group>"; };
		964E17C7991A41F1983F9111 /* CDVCapture.h */ = {isa = PBXFileReference; explicitFileType = undefined; fileEncoding = 4; includeInIndex = 0; lastKnownFileType = sourcecode.c.h; name = CDVCapture.h; path = "cordova-plugin-media-capture/CDVCapture.h"; sourceTree = "<group>"; };
		9A0546D9F6554629B43F9334 /* CDVAssetLibraryFilesystem.h */ = {isa = PBXFileReference; explicitFileType = undefined; fileEncoding = 4; includeInIndex = 0; lastKnownFileType = sourcecode.c.h; name = CDVAssetLibraryFilesystem.h; path = "cordova-plugin-file/CDVAssetLibraryFilesystem.h"; sourceTree = "<group>"; };
		A21EDE1EE2474914B02EF46F /* AudioToolbox.framework */ = {isa = PBXFileReference; explicitFileType = undefined; fileEncoding = 9; includeInIndex = 0; lastKnownFileType = wrapper.framework; name = AudioToolbox.framework; path = System/Library/Frameworks/AudioToolbox.framework; sourceTree = SDKROOT; };
		A232DE3930A94127BFEEC125 /* CDVSound.m */ = {isa = PBXFileReference; explicitFileType = undefined; fileEncoding = 4; includeInIndex = 0; lastKnownFileType = sourcecode.c.objc; name = CDVSound.m; path = "cordova-plugin-media/CDVSound.m"; sourceTree = "<group>"; };
		A425892DFF2A4A15AE91E8F7 /* CDVCapture.m */ = {isa = PBXFileReference; explicitFileType = undefined; fileEncoding = 4; includeInIndex = 0; lastKnownFileType = sourcecode.c.objc; name = CDVCapture.m; path = "cordova-plugin-media-capture/CDVCapture.m"; sourceTree = "<group>"; };
		A813457E5BC64AE98A2E801D /* CDVNotification.m */ = {isa = PBXFileReference; explicitFileType = undefined; fileEncoding = 4; includeInIndex = 0; lastKnownFileType = sourcecode.c.objc; name = CDVNotification.m; path = "cordova-plugin-dialogs/CDVNotification.m"; sourceTree = "<group>"; };
		A88B817A747E4B6496B4A813 /* CDVVibration.h */ = {isa = PBXFileReference; explicitFileType = undefined; fileEncoding = 4; includeInIndex = 0; lastKnownFileType = sourcecode.c.h; name = CDVVibration.h; path = "cordova-plugin-vibration/CDVVibration.h"; sourceTree = "<group>"; };
		B3C0F32311C44CF3962926C2 /* CDVViewController+SplashScreen.h */ = {isa = PBXFileReference; explicitFileType = undefined; fileEncoding = 4; includeInIndex = 0; lastKnownFileType = sourcecode.c.h; name = "CDVViewController+SplashScreen.h"; path = "cordova-plugin-splashscreen/CDVViewController+SplashScreen.h"; sourceTree = "<group>"; };
		B3C9045E21E94848A320B36A /* CDVCompass.m */ = {isa = PBXFileReference; explicitFileType = undefined; fileEncoding = 4; includeInIndex = 0; lastKnownFileType = sourcecode.c.objc; name = CDVCompass.m; path = "cordova-plugin-device-orientation/CDVCompass.m"; sourceTree = "<group>"; };
		B75CB33A5B2A40CA9516D9AC /* AddressBookUI.framework */ = {isa = PBXFileReference; explicitFileType = undefined; fileEncoding = 9; includeInIndex = 0; lastKnownFileType = wrapper.framework; name = AddressBookUI.framework; path = System/Library/Frameworks/AddressBookUI.framework; sourceTree = SDKROOT; };
		BF840378004545AFAAF59A8C /* CDVJpegHeaderWriter.m */ = {isa = PBXFileReference; explicitFileType = undefined; fileEncoding = 4; includeInIndex = 0; lastKnownFileType = sourcecode.c.objc; name = CDVJpegHeaderWriter.m; path = "cordova-plugin-camera/CDVJpegHeaderWriter.m"; sourceTree = "<group>"; };
		C9328A536E4D4145B478F25F /* CDVInAppBrowser.h */ = {isa = PBXFileReference; explicitFileType = undefined; fileEncoding = 4; includeInIndex = 0; lastKnownFileType = sourcecode.c.h; name = CDVInAppBrowser.h; path = "cordova-plugin-inappbrowser/CDVInAppBrowser.h"; sourceTree = "<group>"; };
		C9D53D084A69442AA7C866EA /* CDVViewController+SplashScreen.m */ = {isa = PBXFileReference; explicitFileType = undefined; fileEncoding = 4; includeInIndex = 0; lastKnownFileType = sourcecode.c.objc; name = "CDVViewController+SplashScreen.m"; path = "cordova-plugin-splashscreen/CDVViewController+SplashScreen.m"; sourceTree = "<group>"; };
		D62A94E5BCEE46EEB0268D87 /* ImageIO.framework */ = {isa = PBXFileReference; explicitFileType = undefined; fileEncoding = 9; includeInIndex = 0; lastKnownFileType = wrapper.framework; name = ImageIO.framework; path = System/Library/Frameworks/ImageIO.framework; sourceTree = SDKROOT; };
		D62C2C18798344F99D72DA37 /* CDVConnection.m */ = {isa = PBXFileReference; explicitFileType = undefined; fileEncoding = 4; includeInIndex = 0; lastKnownFileType = sourcecode.c.objc; name = CDVConnection.m; path = "cordova-plugin-network-information/CDVConnection.m"; sourceTree = "<group>"; };
		D8EC3B5E4A334395A3BE5624 /* CoreMotion.framework */ = {isa = PBXFileReference; explicitFileType = undefined; fileEncoding = 9; includeInIndex = 0; lastKnownFileType = wrapper.framework; name = CoreMotion.framework; path = System/Library/Frameworks/CoreMotion.framework; sourceTree = SDKROOT; };
		DF47F3F5D76D44EAB909C654 /* CDVFile.h */ = {isa = PBXFileReference; explicitFileType = undefined; fileEncoding = 4; includeInIndex = 0; lastKnownFileType = sourcecode.c.h; name = CDVFile.h; path = "cordova-plugin-file/CDVFile.h"; sourceTree = "<group>"; };
		E19087E97F8F40069E9CD093 /* CDVFileTransfer.h */ = {isa = PBXFileReference; explicitFileType = undefined; fileEncoding = 4; includeInIndex = 0; lastKnownFileType = sourcecode.c.h; name = CDVFileTransfer.h; path = "cordova-plugin-file-transfer/CDVFileTransfer.h"; sourceTree = "<group>"; };
		E488387B834641C18BE68444 /* CDVLocalFilesystem.h */ = {isa = PBXFileReference; explicitFileType = undefined; fileEncoding = 4; includeInIndex = 0; lastKnownFileType = sourcecode.c.h; name = CDVLocalFilesystem.h; path = "cordova-plugin-file/CDVLocalFilesystem.h"; sourceTree = "<group>"; };
		E5155D03149F421E9B6017C9 /* CDVFile.m */ = {isa = PBXFileReference; explicitFileType = undefined; fileEncoding = 4; includeInIndex = 0; lastKnownFileType = sourcecode.c.objc; name = CDVFile.m; path = "cordova-plugin-file/CDVFile.m"; sourceTree = "<group>"; };
		E7E8D38D1D84F74E00E32AF3 /* Images-2.xcassets */ = {isa = PBXFileReference; lastKnownFileType = folder.assetcatalog; name = "Images-2.xcassets"; path = "Hello World/Images-2.xcassets"; sourceTree = SOURCE_ROOT; };
		E8F15C0843384FC5B4FC7030 /* CDVExif.h */ = {isa = PBXFileReference; explicitFileType = undefined; fileEncoding = 4; includeInIndex = 0; lastKnownFileType = sourcecode.c.h; name = CDVExif.h; path = "cordova-plugin-camera/CDVExif.h"; sourceTree = "<group>"; };
		E958CF18FE184C6390493B7E /* CDVDevice.m */ = {isa = PBXFileReference; explicitFileType = undefined; fileEncoding = 4; includeInIndex = 0; lastKnownFileType = sourcecode.c.objc; name = CDVDevice.m; path = "cordova-plugin-device/CDVDevice.m"; sourceTree = "<group>"; };
		EB2C9C7CCBC343CA8C220993 /* CDVContacts.m */ = {isa = PBXFileReference; explicitFileType = undefined; fileEncoding = 4; includeInIndex = 0; lastKnownFileType = sourcecode.c.objc; name = CDVContacts.m; path = "cordova-plugin-contacts/CDVContacts.m"; sourceTree = "<group>"; };
		EB87FDF31871DA8E0020F90C /* www */ = {isa = PBXFileReference; lastKnownFileType = folder; name = www; path = ../../www; sourceTree = "<group>"; };
		EB87FDF41871DAF40020F90C /* config.xml */ = {isa = PBXFileReference; lastKnownFileType = text.xml; name = config.xml; path = ../../config.xml; sourceTree = "<group>"; };
		ED33DF2A687741AEAF9F8254 /* Bridging-Header.h */ = {isa = PBXFileReference; fileEncoding = 4; lastKnownFileType = sourcecode.c.h; path = "Bridging-Header.h"; sourceTree = "<group>"; };
		F03E2F2C85FE4C77A4C69FD3 /* CDVContact.m */ = {isa = PBXFileReference; explicitFileType = undefined; fileEncoding = 4; includeInIndex = 0; lastKnownFileType = sourcecode.c.objc; name = CDVContact.m; path = "cordova-plugin-contacts/CDVContact.m"; sourceTree = "<group>"; };
		F204C203DB284E139A64B9F2 /* CDVStatusBar.m */ = {isa = PBXFileReference; explicitFileType = undefined; fileEncoding = 4; includeInIndex = 0; lastKnownFileType = sourcecode.c.objc; name = CDVStatusBar.m; path = "cordova-plugin-statusbar/CDVStatusBar.m"; sourceTree = "<group>"; };
		F42EE599B5E648378DB4FFAF /* CDVSplashScreen.m */ = {isa = PBXFileReference; explicitFileType = undefined; fileEncoding = 4; includeInIndex = 0; lastKnownFileType = sourcecode.c.objc; name = CDVSplashScreen.m; path = "cordova-plugin-splashscreen/CDVSplashScreen.m"; sourceTree = "<group>"; };
		F840E1F0165FE0F500CFE078 /* config.xml */ = {isa = PBXFileReference; lastKnownFileType = text.xml; name = config.xml; path = "Hello World/config.xml"; sourceTree = "<group>"; };
		FBA3E9DE9DBC4C7B9D9D0A94 /* CDVContact.h */ = {isa = PBXFileReference; explicitFileType = undefined; fileEncoding = 4; includeInIndex = 0; lastKnownFileType = sourcecode.c.h; name = CDVContact.h; path = "cordova-plugin-contacts/CDVContact.h"; sourceTree = "<group>"; };
/* End PBXFileReference section */

/* Begin PBXFrameworksBuildPhase section */
		1D60588F0D05DD3D006BFB54 /* Frameworks */ = {
			isa = PBXFrameworksBuildPhase;
			buildActionMask = 2147483647;
			files = (
				301BF552109A68D80062928A /* libCordova.a in Frameworks */,
				6366F694408A4F50A6CED82B /* ImageIO.framework in Frameworks */,
				DE4BA30680364C798300BA2C /* CoreLocation.framework in Frameworks */,
				85AD6A244B7144F3B04BFBB1 /* AVFoundation.framework in Frameworks */,
				29397253608A4C6487AF4491 /* AddressBook.framework in Frameworks */,
				16A4E564F3CE411CA33DD118 /* AddressBookUI.framework in Frameworks */,
				2BD0707781ED4A8D93EB3BF1 /* CoreMotion.framework in Frameworks */,
				557515027FD5406B9BEB0B60 /* AudioToolbox.framework in Frameworks */,
				EFF555D2C6A04A72AFDD5592 /* SystemConfiguration.framework in Frameworks */,
				78E0890046DB46B2862E6079 /* CoreTelephony.framework in Frameworks */,
			);
			runOnlyForDeploymentPostprocessing = 0;
		};
/* End PBXFrameworksBuildPhase section */

/* Begin PBXGroup section */
		080E96DDFE201D6D7F000001 /* Classes */ = {
			isa = PBXGroup;
			children = (
				302D95EE14D2391D003F00A1 /* MainViewController.h */,
				302D95EF14D2391D003F00A1 /* MainViewController.m */,
				302D95F014D2391D003F00A1 /* MainViewController.xib */,
				1D3623240D0F684500981E51 /* AppDelegate.h */,
				1D3623250D0F684500981E51 /* AppDelegate.m */,
			);
			name = Classes;
			path = "Hello World/Classes";
			sourceTree = SOURCE_ROOT;
		};
		19C28FACFE9D520D11CA2CBB /* Products */ = {
			isa = PBXGroup;
			children = (
				1D6058910D05DD3D006BFB54 /* Hello World.app */,
			);
			name = Products;
			sourceTree = "<group>";
		};
		29B97314FDCFA39411CA2CEA /* CustomTemplate */ = {
			isa = PBXGroup;
			children = (
				EB87FDF41871DAF40020F90C /* config.xml */,
				EB87FDF31871DA8E0020F90C /* www */,
				EB87FDF11871DA420020F90C /* Staging */,
				301BF52D109A57CC0062928A /* CordovaLib.xcodeproj */,
				080E96DDFE201D6D7F000001 /* Classes */,
				307C750510C5A3420062BCA9 /* Plugins */,
				29B97315FDCFA39411CA2CEA /* Other Sources */,
				29B97317FDCFA39411CA2CEA /* Resources */,
				29B97323FDCFA39411CA2CEA /* Frameworks */,
				19C28FACFE9D520D11CA2CBB /* Products */,
			);
			name = CustomTemplate;
			sourceTree = "<group>";
		};
		29B97315FDCFA39411CA2CEA /* Other Sources */ = {
			isa = PBXGroup;
			children = (
				32CA4F630368D1EE00C91783 /* Hello World-Prefix.pch */,
				29B97316FDCFA39411CA2CEA /* main.m */,
				ED33DF2A687741AEAF9F8254 /* Bridging-Header.h */,
			);
			name = "Other Sources";
			path = "Hello World";
			sourceTree = "<group>";
		};
		29B97317FDCFA39411CA2CEA /* Resources */ = {
			isa = PBXGroup;
			children = (
				E7E8D38D1D84F74E00E32AF3 /* Images-2.xcassets */,
				0207DA571B56EA530066E2B4 /* Images.xcassets */,
				3047A50E1AB8057F00498E2A /* config */,
				8D1107310486CEB800E47090 /* Hello World-Info.plist */,
				184AB5911029462C9384E052 /* CDVNotification.bundle */,
				2E6DBCF9856A4FADA955603E /* CDVCapture.bundle */,
			);
			name = Resources;
			path = "Hello World/Resources";
			sourceTree = "<group>";
		};
		29B97323FDCFA39411CA2CEA /* Frameworks */ = {
			isa = PBXGroup;
			children = (
				D62A94E5BCEE46EEB0268D87 /* ImageIO.framework */,
				4DCC4B526BCB40DD8CCA9EE2 /* CoreLocation.framework */,
				32FBAADAD78F4D76B87137D5 /* AVFoundation.framework */,
				456FA7C1475143D8A39800E4 /* AddressBook.framework */,
				B75CB33A5B2A40CA9516D9AC /* AddressBookUI.framework */,
				D8EC3B5E4A334395A3BE5624 /* CoreMotion.framework */,
				A21EDE1EE2474914B02EF46F /* AudioToolbox.framework */,
				35F8ABFB51684E61840A9C62 /* SystemConfiguration.framework */,
				34D24743F55C49D4843F268F /* CoreTelephony.framework */,
			);
			name = Frameworks;
			sourceTree = "<group>";
		};
		301BF52E109A57CC0062928A /* Products */ = {
			isa = PBXGroup;
			children = (
				301BF535109A57CC0062928A /* libCordova.a */,
			);
			name = Products;
			sourceTree = "<group>";
		};
		3047A50E1AB8057F00498E2A /* config */ = {
			isa = PBXGroup;
			children = (
				3047A50F1AB8059700498E2A /* build-debug.xcconfig */,
				3047A5101AB8059700498E2A /* build-release.xcconfig */,
				3047A5111AB8059700498E2A /* build.xcconfig */,
			);
			name = config;
			sourceTree = "<group>";
		};
		307C750510C5A3420062BCA9 /* Plugins */ = {
			isa = PBXGroup;
			children = (
				763A01051AD3435F8DDD3B83 /* CDVBattery.m */,
				8F0ECE52366A43899341E815 /* CDVBattery.h */,
				5F642DE63E4544409B61254D /* UIImage+CropScaleOrientation.m */,
				0D94C9F02A1B43D2BD8BEE64 /* CDVCamera.m */,
				BF840378004545AFAAF59A8C /* CDVJpegHeaderWriter.m */,
				7A90646802E74BA9AD1098DF /* UIImage+CropScaleOrientation.h */,
				2BEED7C3B2234455B8B13C84 /* CDVCamera.h */,
				46918F61B5454777A5EAAD1B /* CDVJpegHeaderWriter.h */,
				E8F15C0843384FC5B4FC7030 /* CDVExif.h */,
				080CE70679834A76A1B67F7B /* CDVLogger.m */,
				05D88275C0684A48800B22D1 /* CDVLogger.h */,
				EB2C9C7CCBC343CA8C220993 /* CDVContacts.m */,
				F03E2F2C85FE4C77A4C69FD3 /* CDVContact.m */,
				7F805395421F4370A01A1EFE /* CDVContacts.h */,
				FBA3E9DE9DBC4C7B9D9D0A94 /* CDVContact.h */,
				E958CF18FE184C6390493B7E /* CDVDevice.m */,
				351BB87084B34D64953DC1BB /* CDVDevice.h */,
				86E303EA1A644CA795BCDB38 /* CDVAccelerometer.m */,
				004FB66A675C432AB6C2B365 /* CDVAccelerometer.h */,
				B3C9045E21E94848A320B36A /* CDVCompass.m */,
				79738CE4930447F48C3EF229 /* CDVCompass.h */,
				A813457E5BC64AE98A2E801D /* CDVNotification.m */,
				52CE22CF1B3845C78038A7DB /* CDVNotification.h */,
				E5155D03149F421E9B6017C9 /* CDVFile.m */,
				40BF812ACBF94269BA5ACE62 /* CDVLocalFilesystem.m */,
				171A5E820DC74B1482100184 /* CDVAssetLibraryFilesystem.m */,
				DF47F3F5D76D44EAB909C654 /* CDVFile.h */,
				E488387B834641C18BE68444 /* CDVLocalFilesystem.h */,
				9A0546D9F6554629B43F9334 /* CDVAssetLibraryFilesystem.h */,
				7F239BD78F6D4DC883379609 /* CDVFileTransfer.m */,
				E19087E97F8F40069E9CD093 /* CDVFileTransfer.h */,
				0754B0C054224A96815BFD04 /* CDVLocation.m */,
				2A07CA42627E4FB6B1B61E43 /* CDVLocation.h */,
				7B0A2306A47E433FA92BEFAE /* CDVGlobalization.m */,
				36322D7E929946CBBBC307C7 /* CDVGlobalization.h */,
				626CC01356F74F1E8233757E /* CDVInAppBrowser.m */,
				C9328A536E4D4145B478F25F /* CDVInAppBrowser.h */,
				A232DE3930A94127BFEEC125 /* CDVSound.m */,
				765F8A31D7B04E249F8496CF /* CDVSound.h */,
				A425892DFF2A4A15AE91E8F7 /* CDVCapture.m */,
				964E17C7991A41F1983F9111 /* CDVCapture.h */,
				D62C2C18798344F99D72DA37 /* CDVConnection.m */,
				27B70EE8F824491E8C087000 /* CDVReachability.m */,
				74856610CAB3427689EBC90B /* CDVConnection.h */,
				8660652BF34345CF945B14D8 /* CDVReachability.h */,
				F42EE599B5E648378DB4FFAF /* CDVSplashScreen.m */,
				C9D53D084A69442AA7C866EA /* CDVViewController+SplashScreen.m */,
				5ADB885447534291975CCF9A /* CDVSplashScreen.h */,
				B3C0F32311C44CF3962926C2 /* CDVViewController+SplashScreen.h */,
				F204C203DB284E139A64B9F2 /* CDVStatusBar.m */,
				7BA2F6F39C774C2AB2AAD16F /* CDVStatusBar.h */,
				3E4CEAAEEF5E42358B900146 /* CDVVibration.m */,
				A88B817A747E4B6496B4A813 /* CDVVibration.h */,
			);
			name = Plugins;
			path = "Hello World/Plugins";
			sourceTree = SOURCE_ROOT;
		};
		EB87FDF11871DA420020F90C /* Staging */ = {
			isa = PBXGroup;
			children = (
				F840E1F0165FE0F500CFE078 /* config.xml */,
				301BF56E109A69640062928A /* www */,
			);
			name = Staging;
			sourceTree = "<group>";
		};
/* End PBXGroup section */

/* Begin PBXNativeTarget section */
		1D6058900D05DD3D006BFB54 /* Hello World */ = {
			isa = PBXNativeTarget;
			buildConfigurationList = 1D6058960D05DD3E006BFB54 /* Build configuration list for PBXNativeTarget "Hello World" */;
			buildPhases = (
				304B58A110DAC018002A0835 /* Copy www directory */,
				1D60588D0D05DD3D006BFB54 /* Resources */,
				1D60588E0D05DD3D006BFB54 /* Sources */,
				1D60588F0D05DD3D006BFB54 /* Frameworks */,
			);
			buildRules = (
			);
			dependencies = (
				301BF551109A68C00062928A /* PBXTargetDependency */,
			);
			name = "Hello World";
			productName = "Hello World";
			productReference = 1D6058910D05DD3D006BFB54 /* Hello World.app */;
			productType = "com.apple.product-type.application";
		};
/* End PBXNativeTarget section */

/* Begin PBXProject section */
		29B97313FDCFA39411CA2CEA /* Project object */ = {
			isa = PBXProject;
			attributes = {
				LastUpgradeCheck = 0730;
				TargetAttributes = {
					1D6058900D05DD3D006BFB54 = {
						DevelopmentTeam = Q68LLML8YP;
					};
				};
			};
			buildConfigurationList = C01FCF4E08A954540054247B /* Build configuration list for PBXProject "Hello World" */;
			compatibilityVersion = "Xcode 3.2";
			developmentRegion = English;
			hasScannedForEncodings = 1;
			knownRegions = (
				en,
			);
			mainGroup = 29B97314FDCFA39411CA2CEA /* CustomTemplate */;
			projectDirPath = "";
			projectReferences = (
				{
					ProductGroup = 301BF52E109A57CC0062928A /* Products */;
					ProjectRef = 301BF52D109A57CC0062928A /* CordovaLib.xcodeproj */;
				},
			);
			projectRoot = "";
			targets = (
				1D6058900D05DD3D006BFB54 /* Hello World */,
			);
		};
/* End PBXProject section */

/* Begin PBXReferenceProxy section */
		301BF535109A57CC0062928A /* libCordova.a */ = {
			isa = PBXReferenceProxy;
			fileType = archive.ar;
			path = libCordova.a;
			remoteRef = 301BF534109A57CC0062928A /* PBXContainerItemProxy */;
			sourceTree = BUILT_PRODUCTS_DIR;
		};
/* End PBXReferenceProxy section */

/* Begin PBXResourcesBuildPhase section */
		1D60588D0D05DD3D006BFB54 /* Resources */ = {
			isa = PBXResourcesBuildPhase;
			buildActionMask = 2147483647;
			files = (
				302D95F214D2391D003F00A1 /* MainViewController.xib in Resources */,
				0207DA581B56EA530066E2B4 /* Images.xcassets in Resources */,
				E3BB0313170F4D2D834CAB3D /* CDVNotification.bundle in Resources */,
				E7E8D38E1D84F74E00E32AF3 /* Images-2.xcassets in Resources */,
				078FBB52EC0F48DCA4B6C5D7 /* CDVCapture.bundle in Resources */,
			);
			runOnlyForDeploymentPostprocessing = 0;
		};
/* End PBXResourcesBuildPhase section */

/* Begin PBXShellScriptBuildPhase section */
		304B58A110DAC018002A0835 /* Copy www directory */ = {
			isa = PBXShellScriptBuildPhase;
			buildActionMask = 2147483647;
			files = (
			);
			inputPaths = (
			);
			name = "Copy www directory";
			outputPaths = (
			);
			runOnlyForDeploymentPostprocessing = 0;
			shellPath = /bin/sh;
			shellScript = "NODEJS_PATH=/usr/local/bin; NVM_NODE_PATH=~/.nvm/versions/node/`nvm version 2>/dev/null`/bin; N_NODE_PATH=`find /usr/local/n/versions/node/* -maxdepth 0 -type d 2>/dev/null | tail -1`/bin; XCODE_NODE_PATH=`xcode-select --print-path`/usr/share/xcs/Node/bin; PATH=$NODEJS_PATH:$NVM_NODE_PATH:$N_NODE_PATH:$XCODE_NODE_PATH:$PATH && node cordova/lib/copy-www-build-step.js";
			showEnvVarsInLog = 0;
		};
/* End PBXShellScriptBuildPhase section */

/* Begin PBXSourcesBuildPhase section */
		1D60588E0D05DD3D006BFB54 /* Sources */ = {
			isa = PBXSourcesBuildPhase;
			buildActionMask = 2147483647;
			files = (
				1D60589B0D05DD56006BFB54 /* main.m in Sources */,
				1D3623260D0F684500981E51 /* AppDelegate.m in Sources */,
				302D95F114D2391D003F00A1 /* MainViewController.m in Sources */,
				520B7B31B1C144DCBF967B99 /* CDVBattery.m in Sources */,
				50A4BBE89FA249699E0B81B1 /* UIImage+CropScaleOrientation.m in Sources */,
				E9E89D15AB664DF9A123171F /* CDVCamera.m in Sources */,
				E007DFB915114C86905BE69C /* CDVJpegHeaderWriter.m in Sources */,
				753975A0A5834C159ABC4CA4 /* CDVLogger.m in Sources */,
				01020506C88040999EC51422 /* CDVContacts.m in Sources */,
				FB99BDF39ED94F18A9F642C9 /* CDVContact.m in Sources */,
				1FFDE5A6ACE94BCFB3981F99 /* CDVDevice.m in Sources */,
				6E42E9A053FE4BDE97E82292 /* CDVAccelerometer.m in Sources */,
				9630A4E3599C49ED832895A6 /* CDVCompass.m in Sources */,
				661159FF2146489B9640C146 /* CDVNotification.m in Sources */,
				7690FB45127D4AEA9B46A7C6 /* CDVFile.m in Sources */,
				065E405CF39F4460B24C110D /* CDVLocalFilesystem.m in Sources */,
				FE2A62FE82D646788EA1B7FA /* CDVAssetLibraryFilesystem.m in Sources */,
				C712582799DD41F2824DF4CA /* CDVFileTransfer.m in Sources */,
				5556A707B8AE45ADBA89FA49 /* CDVLocation.m in Sources */,
				DC0D96BF81EC4F829D64AE0C /* CDVGlobalization.m in Sources */,
				0FB3A5AC6522473D81788DFF /* CDVInAppBrowser.m in Sources */,
				19699CAE2AA3417BBAFB47FF /* CDVSound.m in Sources */,
				C1B2D42B26BA4735A59C3AC1 /* CDVCapture.m in Sources */,
				ED1AB76878124B67BE3A1D36 /* CDVConnection.m in Sources */,
				BB81618BFB9D4092A777D53E /* CDVReachability.m in Sources */,
				3B8AF67C1C6643E68B6D9540 /* CDVSplashScreen.m in Sources */,
				C6E37E7AF74A446E94F525B4 /* CDVViewController+SplashScreen.m in Sources */,
				626307CD83E6497A875A10CE /* CDVStatusBar.m in Sources */,
				4144CF2C22944284AE3CA78F /* CDVVibration.m in Sources */,
			);
			runOnlyForDeploymentPostprocessing = 0;
		};
/* End PBXSourcesBuildPhase section */

/* Begin PBXTargetDependency section */
		301BF551109A68C00062928A /* PBXTargetDependency */ = {
			isa = PBXTargetDependency;
			name = CordovaLib;
			targetProxy = 301BF550109A68C00062928A /* PBXContainerItemProxy */;
		};
/* End PBXTargetDependency section */

/* Begin XCBuildConfiguration section */
		1D6058940D05DD3E006BFB54 /* Debug */ = {
			isa = XCBuildConfiguration;
			baseConfigurationReference = 3047A50F1AB8059700498E2A /* build-debug.xcconfig */;
			buildSettings = {
				ALWAYS_SEARCH_USER_PATHS = NO;
				ASSETCATALOG_COMPILER_APPICON_NAME = AppIcon;
				ASSETCATALOG_COMPILER_LAUNCHIMAGE_NAME = LaunchImage;
				CLANG_ENABLE_MODULES = YES;
				CLANG_ENABLE_OBJC_ARC = YES;
				CODE_SIGN_IDENTITY = "iPhone Developer";
				"CODE_SIGN_IDENTITY[sdk=iphoneos*]" = "iPhone Developer";
				COPY_PHASE_STRIP = NO;
				GCC_DYNAMIC_NO_PIC = NO;
				GCC_OPTIMIZATION_LEVEL = 0;
				GCC_PRECOMPILE_PREFIX_HEADER = YES;
				GCC_PREFIX_HEADER = "Hello World/Hello World-Prefix.pch";
				GCC_THUMB_SUPPORT = NO;
				GCC_VERSION = "";
				INFOPLIST_FILE = "Hello World/Hello World-Info.plist";
				IPHONEOS_DEPLOYMENT_TARGET = 8.1;
				LD_RUNPATH_SEARCH_PATHS = "@executable_path/Frameworks";
				PRODUCT_BUNDLE_IDENTIFIER = com.VisionBaker.JSHackerQuiz;
				PRODUCT_NAME = "Hello World";
				PROVISIONING_PROFILE = "";
				TARGETED_DEVICE_FAMILY = 1;
			};
			name = Debug;
		};
		1D6058950D05DD3E006BFB54 /* Release */ = {
			isa = XCBuildConfiguration;
			baseConfigurationReference = 3047A5101AB8059700498E2A /* build-release.xcconfig */;
			buildSettings = {
				ALWAYS_SEARCH_USER_PATHS = NO;
				ASSETCATALOG_COMPILER_APPICON_NAME = AppIcon;
				ASSETCATALOG_COMPILER_LAUNCHIMAGE_NAME = LaunchImage;
				CLANG_ENABLE_MODULES = YES;
				CLANG_ENABLE_OBJC_ARC = YES;
				CODE_SIGN_IDENTITY = "iPhone Developer";
				"CODE_SIGN_IDENTITY[sdk=iphoneos*]" = "iPhone Developer";
				COPY_PHASE_STRIP = YES;
				GCC_PRECOMPILE_PREFIX_HEADER = YES;
				GCC_PREFIX_HEADER = "Hello World/Hello World-Prefix.pch";
				GCC_THUMB_SUPPORT = NO;
				GCC_VERSION = "";
				INFOPLIST_FILE = "Hello World/Hello World-Info.plist";
				IPHONEOS_DEPLOYMENT_TARGET = 8.1;
				PRODUCT_BUNDLE_IDENTIFIER = com.VisionBaker.JSHackerQuiz;
				PRODUCT_NAME = "Hello World";
				PROVISIONING_PROFILE = "";
				TARGETED_DEVICE_FAMILY = 1;
			};
			name = Release;
		};
		C01FCF4F08A954540054247B /* Debug */ = {
			isa = XCBuildConfiguration;
			baseConfigurationReference = 3047A5111AB8059700498E2A /* build.xcconfig */;
			buildSettings = {
				CLANG_ENABLE_MODULES = YES;
				CLANG_ENABLE_OBJC_ARC = YES;
				CLANG_WARN_BOOL_CONVERSION = YES;
				CLANG_WARN_CONSTANT_CONVERSION = YES;
				CLANG_WARN_EMPTY_BODY = YES;
				CLANG_WARN_ENUM_CONVERSION = YES;
				CLANG_WARN_INT_CONVERSION = YES;
				CLANG_WARN__DUPLICATE_METHOD_MATCH = YES;
				ENABLE_TESTABILITY = YES;
				GCC_C_LANGUAGE_STANDARD = c99;
				GCC_THUMB_SUPPORT = NO;
				GCC_VERSION = "";
				GCC_WARN_ABOUT_RETURN_TYPE = YES;
				GCC_WARN_UNDECLARED_SELECTOR = YES;
				GCC_WARN_UNINITIALIZED_AUTOS = YES;
				GCC_WARN_UNUSED_FUNCTION = YES;
				GCC_WARN_UNUSED_VARIABLE = YES;
				ONLY_ACTIVE_ARCH = YES;
				SDKROOT = iphoneos;
				SKIP_INSTALL = NO;
			};
			name = Debug;
		};
		C01FCF5008A954540054247B /* Release */ = {
			isa = XCBuildConfiguration;
			baseConfigurationReference = 3047A5111AB8059700498E2A /* build.xcconfig */;
			buildSettings = {
				CLANG_ENABLE_MODULES = YES;
				CLANG_ENABLE_OBJC_ARC = YES;
				CLANG_WARN_BOOL_CONVERSION = YES;
				CLANG_WARN_CONSTANT_CONVERSION = YES;
				CLANG_WARN_EMPTY_BODY = YES;
				CLANG_WARN_ENUM_CONVERSION = YES;
				CLANG_WARN_INT_CONVERSION = YES;
				CLANG_WARN__DUPLICATE_METHOD_MATCH = YES;
				GCC_C_LANGUAGE_STANDARD = c99;
				GCC_THUMB_SUPPORT = NO;
				GCC_VERSION = "";
				GCC_WARN_ABOUT_RETURN_TYPE = YES;
				GCC_WARN_UNDECLARED_SELECTOR = YES;
				GCC_WARN_UNINITIALIZED_AUTOS = YES;
				GCC_WARN_UNUSED_FUNCTION = YES;
				GCC_WARN_UNUSED_VARIABLE = YES;
				SDKROOT = iphoneos;
				SKIP_INSTALL = NO;
			};
			name = Release;
		};
/* End XCBuildConfiguration section */

/* Begin XCConfigurationList section */
		1D6058960D05DD3E006BFB54 /* Build configuration list for PBXNativeTarget "Hello World" */ = {
			isa = XCConfigurationList;
			buildConfigurations = (
				1D6058940D05DD3E006BFB54 /* Debug */,
				1D6058950D05DD3E006BFB54 /* Release */,
			);
			defaultConfigurationIsVisible = 0;
			defaultConfigurationName = Release;
		};
		C01FCF4E08A954540054247B /* Build configuration list for PBXProject "Hello World" */ = {
			isa = XCConfigurationList;
			buildConfigurations = (
				C01FCF4F08A954540054247B /* Debug */,
				C01FCF5008A954540054247B /* Release */,
			);
			defaultConfigurationIsVisible = 0;
			defaultConfigurationName = Release;
		};
/* End XCConfigurationList section */
	};
	rootObject = 29B97313FDCFA39411CA2CEA /* Project object */;
}
